{
  "name": "MobilePhone",
  "lockfileVersion": 2,
  "requires": true,
  "packages": {
    "": {
      "dependencies": {
        "@dcloudio/uni-ui": "^1.4.6"
      }
    },
    "node_modules/@dcloudio/uni-ui": {
      "version": "1.4.6",
      "resolved": "https://registry.npmmirror.com/@dcloudio/uni-ui/download/@dcloudio/uni-ui-1.4.6.tgz",
      "integrity": "sha1-0q1PVTv8Ty4Ap5CNmjJNr2r0CU4=",
      "license": "Apache-2.0"
    }
  },
  "dependencies": {
    "@dcloudio/uni-ui": {
      "version": "1.4.6",
      "resolved": "https://registry.npmmirror.com/@dcloudio/uni-ui/download/@dcloudio/uni-ui-1.4.6.tgz",
      "integrity": "sha1-0q1PVTv8Ty4Ap5CNmjJNr2r0CU4="
    }
  }
}
